{
  "name": "samples-webresx-ts",
  "version": "1.0.0",
  "lockfileVersion": 2,
  "requires": true,
  "packages": {
    "": {
      "name": "samples-webresx-ts",
      "version": "1.0.0",
      "license": "MIT",
      "dependencies": {
        "@types/lodash": "^4.14.182"
      },
      "devDependencies": {
        "@types/xrm": "^9.0.60",
        "typescript": "^4.7.3"
      }
    },
    "node_modules/@types/lodash": {
      "version": "4.14.182",
      "resolved": "https://registry.npmjs.org/@types/lodash/-/lodash-4.14.182.tgz",
      "integrity": "sha512-/THyiqyQAP9AfARo4pF+aCGcyiQ94tX/Is2I7HofNRqoYLgN1PBoOWu2/zTA5zMxzP5EFutMtWtGAFRKUe961Q=="
    },
    "node_modules/@types/xrm": {
      "version": "9.0.60",
      "resolved": "https://registry.npmjs.org/@types/xrm/-/xrm-9.0.60.tgz",
      "integrity": "sha512-2p3u7RljxRW6GUXIUHN7HKhCFle8xw0Jz4GjTEsPUKHNT1WbYYD0rfdy5U0k8rzDAVvAeJgZ/RxNm+ay3vWclw==",
      "dev": true
    },
    "node_modules/typescript": {
      "version": "4.7.3",
      "resolved": "https://registry.npmjs.org/typescript/-/typescript-4.7.3.tgz",
      "integrity": "sha512-WOkT3XYvrpXx4vMMqlD+8R8R37fZkjyLGlxavMc4iB8lrl8L0DeTcHbYgw/v0N/z9wAFsgBhcsF0ruoySS22mA==",
      "dev": true,
      "bin": {
        "tsc": "bin/tsc",
        "tsserver": "bin/tsserver"
      },
      "engines": {
        "node": ">=4.2.0"
      }
    }
  },
  "dependencies": {
    "@types/lodash": {
      "version": "4.14.182",
      "resolved": "https://registry.npmjs.org/@types/lodash/-/lodash-4.14.182.tgz",
      "integrity": "sha512-/THyiqyQAP9AfARo4pF+aCGcyiQ94tX/Is2I7HofNRqoYLgN1PBoOWu2/zTA5zMxzP5EFutMtWtGAFRKUe961Q=="
    },
    "@types/xrm": {
      "version": "9.0.60",
      "resolved": "https://registry.npmjs.org/@types/xrm/-/xrm-9.0.60.tgz",
      "integrity": "sha512-2p3u7RljxRW6GUXIUHN7HKhCFle8xw0Jz4GjTEsPUKHNT1WbYYD0rfdy5U0k8rzDAVvAeJgZ/RxNm+ay3vWclw==",
      "dev": true
    },
    "typescript": {
      "version": "4.7.3",
      "resolved": "https://registry.npmjs.org/typescript/-/typescript-4.7.3.tgz",
      "integrity": "sha512-WOkT3XYvrpXx4vMMqlD+8R8R37fZkjyLGlxavMc4iB8lrl8L0DeTcHbYgw/v0N/z9wAFsgBhcsF0ruoySS22mA==",
      "dev": true
    }
  }
}
